
Microsoft Visual Studio Solution File, Format Version 12.00
# Visual Studio Version 16
VisualStudioVersion = 16.0.30320.27
MinimumVisualStudioVersion = 10.0.40219.1
Project("{FAE04EC0-301F-11D3-BF4B-00C04F79EFBC}") = "advent-of-code-2020", "advent-of-code-2020.csproj", "{BA4A0D68-099D-4C5F-961E-10B25BAEBA8E}"
EndProject
Global
	GlobalSection(SolutionConfigurationPlatforms) = preSolution
		Debug|Any CPU = Debug|Any CPU
		Release|Any CPU = Release|Any CPU
	EndGlobalSection
	GlobalSection(ProjectConfigurationPlatforms) = postSolution
		{BA4A0D68-099D-4C5F-961E-10B25BAEBA8E}.Debug|Any CPU.ActiveCfg = Debug|Any CPU
		{BA4A0D68-099D-4C5F-961E-10B25BAEBA8E}.Debug|Any CPU.Build.0 = Debug|Any CPU
		{BA4A0D68-099D-4C5F-961E-10B25BAEBA8E}.Release|Any CPU.ActiveCfg = Release|Any CPU
		{BA4A0D68-099D-4C5F-961E-10B25BAEBA8E}.Release|Any CPU.Build.0 = Release|Any CPU
	EndGlobalSection
	GlobalSection(SolutionProperties) = preSolution
		HideSolutionNode = FALSE
	EndGlobalSection
	GlobalSection(ExtensibilityGlobals) = postSolution
		SolutionGuid = {57B56BCB-EB2E-45E4-8619-855DDA7214E9}
	EndGlobalSection
EndGlobal
